
Microsoft Visual Studio Solution File, Format Version 12.00
# Visual Studio Version 17
VisualStudioVersion = 17.9.34902.65
MinimumVisualStudioVersion = 10.0.40219.1
Project("{FAE04EC0-301F-11D3-BF4B-00C04F79EFBC}") = "ST10355049_POEPart3_LiamKnipe", "ST10355049_POEPart3_LiamKnipe.csproj", "{36D0F140-DC8E-47A1-A8FF-5722150B0F5C}"
EndProject
Global
	GlobalSection(SolutionConfigurationPlatforms) = preSolution
		Debug|Any CPU = Debug|Any CPU
		Release|Any CPU = Release|Any CPU
	EndGlobalSection
	GlobalSection(ProjectConfigurationPlatforms) = postSolution
		{36D0F140-DC8E-47A1-A8FF-5722150B0F5C}.Debug|Any CPU.ActiveCfg = Debug|Any CPU
		{36D0F140-DC8E-47A1-A8FF-5722150B0F5C}.Debug|Any CPU.Build.0 = Debug|Any CPU
		{36D0F140-DC8E-47A1-A8FF-5722150B0F5C}.Release|Any CPU.ActiveCfg = Release|Any CPU
		{36D0F140-DC8E-47A1-A8FF-5722150B0F5C}.Release|Any CPU.Build.0 = Release|Any CPU
	EndGlobalSection
	GlobalSection(SolutionProperties) = preSolution
		HideSolutionNode = FALSE
	EndGlobalSection
	GlobalSection(ExtensibilityGlobals) = postSolution
		SolutionGuid = {4B2CB573-C329-4102-92D6-D8C0B689CAD9}
	EndGlobalSection
EndGlobal
